PODS:
  - Alamofire (5.1.0)
  - Kingfisher (5.13.4):
    - Kingfisher/Core (= 5.13.4)
  - Kingfisher/Core (5.13.4)
  - SwiftyJSON (4.3.0)

DEPENDENCIES:
  - Alamofire
  - Kingfisher
  - SwiftyJSON (~> 4.0)

SPEC REPOS:
  trunk:
    - Alamofire
    - Kingfisher
    - SwiftyJSON

SPEC CHECKSUMS:
  Alamofire: 9d5c5f602928e512395b30950c5984eca840093c
  Kingfisher: d2279a7abece3c7f25a80cd2b7f363ca5cf3f44c
  SwiftyJSON: 6faa0040f8b59dead0ee07436cbf76b73c08fd08

PODFILE CHECKSUM: 6d5bdaed1cbd6d59f3eabfa40eb55a57de15cf60

COCOAPODS: 1.9.3
